// !$*UTF8*$!
{
	archiveVersion = 1;
	classes = {
	};
	objectVersion = 56;
	objects = {

/* Begin PBXBuildFile section */
		0E9020A42A0F855B008B99EA /* AppDelegate.swift in Sources */ = {isa = PBXBuildFile; fileRef = 0E9020A32A0F855B008B99EA /* AppDelegate.swift */; };
		0E9020A62A0F855B008B99EA /* SceneDelegate.swift in Sources */ = {isa = PBXBuildFile; fileRef = 0E9020A52A0F855B008B99EA /* SceneDelegate.swift */; };
		0E9020A82A0F855B008B99EA /* ViewController.swift in Sources */ = {isa = PBXBuildFile; fileRef = 0E9020A72A0F855B008B99EA /* ViewController.swift */; };
		0E9020AB2A0F855B008B99EA /* Main.storyboard in Resources */ = {isa = PBXBuildFile; fileRef = 0E9020A92A0F855B008B99EA /* Main.storyboard */; };
		0E9020AD2A0F855D008B99EA /* Assets.xcassets in Resources */ = {isa = PBXBuildFile; fileRef = 0E9020AC2A0F855D008B99EA /* Assets.xcassets */; };
		0E9020B02A0F855D008B99EA /* LaunchScreen.storyboard in Resources */ = {isa = PBXBuildFile; fileRef = 0E9020AE2A0F855D008B99EA /* LaunchScreen.storyboard */; };
		0E9020BB2A0F855D008B99EA /* APITests.swift in Sources */ = {isa = PBXBuildFile; fileRef = 0E9020BA2A0F855D008B99EA /* APITests.swift */; };
		0E9020C52A0F855D008B99EA /* APIUITests.swift in Sources */ = {isa = PBXBuildFile; fileRef = 0E9020C42A0F855D008B99EA /* APIUITests.swift */; };
		0E9020C72A0F855D008B99EA /* APIUITestsLaunchTests.swift in Sources */ = {isa = PBXBuildFile; fileRef = 0E9020C62A0F855D008B99EA /* APIUITestsLaunchTests.swift */; };
/* End PBXBuildFile section */

/* Begin PBXContainerItemProxy section */
		0E9020B72A0F855D008B99EA /* PBXContainerItemProxy */ = {
			isa = PBXContainerItemProxy;
			containerPortal = 0E9020982A0F855B008B99EA /* Project object */;
			proxyType = 1;
			remoteGlobalIDString = 0E90209F2A0F855B008B99EA;
			remoteInfo = API;
		};
		0E9020C12A0F855D008B99EA /* PBXContainerItemProxy */ = {
			isa = PBXContainerItemProxy;
			containerPortal = 0E9020982A0F855B008B99EA /* Project object */;
			proxyType = 1;
			remoteGlobalIDString = 0E90209F2A0F855B008B99EA;
			remoteInfo = API;
		};
/* End PBXContainerItemProxy section */

/* Begin PBXFileReference section */
		0E9020A02A0F855B008B99EA /* API.app */ = {isa = PBXFileReference; explicitFileType = wrapper.application; includeInIndex = 0; path = API.app; sourceTree = BUILT_PRODUCTS_DIR; };
		0E9020A32A0F855B008B99EA /* AppDelegate.swift */ = {isa = PBXFileReference; lastKnownFileType = sourcecode.swift; path = AppDelegate.swift; sourceTree = "<group>"; };
		0E9020A52A0F855B008B99EA /* SceneDelegate.swift */ = {isa = PBXFileReference; lastKnownFileType = sourcecode.swift; path = SceneDelegate.swift; sourceTree = "<group>"; };
		0E9020A72A0F855B008B99EA /* ViewController.swift */ = {isa = PBXFileReference; lastKnownFileType = sourcecode.swift; path = ViewController.swift; sourceTree = "<group>"; };
		0E9020AA2A0F855B008B99EA /* Base */ = {isa = PBXFileReference; lastKnownFileType = file.storyboard; name = Base; path = Base.lproj/Main.storyboard; sourceTree = "<group>"; };
		0E9020AC2A0F855D008B99EA /* Assets.xcassets */ = {isa = PBXFileReference; lastKnownFileType = folder.assetcatalog; path = Assets.xcassets; sourceTree = "<group>"; };
		0E9020AF2A0F855D008B99EA /* Base */ = {isa = PBXFileReference; lastKnownFileType = file.storyboard; name = Base; path = Base.lproj/LaunchScreen.storyboard; sourceTree = "<group>"; };
		0E9020B12A0F855D008B99EA /* Info.plist */ = {isa = PBXFileReference; lastKnownFileType = text.plist.xml; path = Info.plist; sourceTree = "<group>"; };
		0E9020B62A0F855D008B99EA /* APITests.xctest */ = {isa = PBXFileReference; explicitFileType = wrapper.cfbundle; includeInIndex = 0; path = APITests.xctest; sourceTree = BUILT_PRODUCTS_DIR; };
		0E9020BA2A0F855D008B99EA /* APITests.swift */ = {isa = PBXFileReference; lastKnownFileType = sourcecode.swift; path = APITests.swift; sourceTree = "<group>"; };
		0E9020C02A0F855D008B99EA /* APIUITests.xctest */ = {isa = PBXFileReference; explicitFileType = wrapper.cfbundle; includeInIndex = 0; path = APIUITests.xctest; sourceTree = BUILT_PRODUCTS_DIR; };
		0E9020C42A0F855D008B99EA /* APIUITests.swift */ = {isa = PBXFileReference; lastKnownFileType = sourcecode.swift; path = APIUITests.swift; sourceTree = "<group>"; };
		0E9020C62A0F855D008B99EA /* APIUITestsLaunchTests.swift */ = {isa = PBXFileReference; lastKnownFileType = sourcecode.swift; path = APIUITestsLaunchTests.swift; sourceTree = "<group>"; };
/* End PBXFileReference section */

/* Begin PBXFrameworksBuildPhase section */
		0E90209D2A0F855B008B99EA /* Frameworks */ = {
			isa = PBXFrameworksBuildPhase;
			buildActionMask = 2147483647;
			files = (
			);
			runOnlyForDeploymentPostprocessing = 0;
		};
		0E9020B32A0F855D008B99EA /* Frameworks */ = {
			isa = PBXFrameworksBuildPhase;
			buildActionMask = 2147483647;
			files = (
			);
			runOnlyForDeploymentPostprocessing = 0;
		};
		0E9020BD2A0F855D008B99EA /* Frameworks */ = {
			isa = PBXFrameworksBuildPhase;
			buildActionMask = 2147483647;
			files = (
			);
			runOnlyForDeploymentPostprocessing = 0;
		};
/* End PBXFrameworksBuildPhase section */

/* Begin PBXGroup section */
		0E9020972A0F855B008B99EA = {
			isa = PBXGroup;
			children = (
				0E9020A22A0F855B008B99EA /* API */,
				0E9020B92A0F855D008B99EA /* APITests */,
				0E9020C32A0F855D008B99EA /* APIUITests */,
				0E9020A12A0F855B008B99EA /* Products */,
			);
			sourceTree = "<group>";
		};
		0E9020A12A0F855B008B99EA /* Products */ = {
			isa = PBXGroup;
			children = (
				0E9020A02A0F855B008B99EA /* API.app */,
				0E9020B62A0F855D008B99EA /* APITests.xctest */,
				0E9020C02A0F855D008B99EA /* APIUITests.xctest */,
			);
			name = Products;
			sourceTree = "<group>";
		};
		0E9020A22A0F855B008B99EA /* API */ = {
			isa = PBXGroup;
			children = (
				0E9020A32A0F855B008B99EA /* AppDelegate.swift */,
				0E9020A52A0F855B008B99EA /* SceneDelegate.swift */,
				0E9020A72A0F855B008B99EA /* ViewController.swift */,
				0E9020A92A0F855B008B99EA /* Main.storyboard */,
				0E9020AC2A0F855D008B99EA /* Assets.xcassets */,
				0E9020AE2A0F855D008B99EA /* LaunchScreen.storyboard */,
				0E9020B12A0F855D008B99EA /* Info.plist */,
			);
			path = API;
			sourceTree = "<group>";
		};
		0E9020B92A0F855D008B99EA /* APITests */ = {
			isa = PBXGroup;
			children = (
				0E9020BA2A0F855D008B99EA /* APITests.swift */,
			);
			path = APITests;
			sourceTree = "<group>";
		};
		0E9020C32A0F855D008B99EA /* APIUITests */ = {
			isa = PBXGroup;
			children = (
				0E9020C42A0F855D008B99EA /* APIUITests.swift */,
				0E9020C62A0F855D008B99EA /* APIUITestsLaunchTests.swift */,
			);
			path = APIUITests;
			sourceTree = "<group>";
		};
/* End PBXGroup section */

/* Begin PBXNativeTarget section */
		0E90209F2A0F855B008B99EA /* API */ = {
			isa = PBXNativeTarget;
			buildConfigurationList = 0E9020CA2A0F855D008B99EA /* Build configuration list for PBXNativeTarget "API" */;
			buildPhases = (
				0E90209C2A0F855B008B99EA /* Sources */,
				0E90209D2A0F855B008B99EA /* Frameworks */,
				0E90209E2A0F855B008B99EA /* Resources */,
			);
			buildRules = (
			);
			dependencies = (
			);
			name = API;
			productName = API;
			productReference = 0E9020A02A0F855B008B99EA /* API.app */;
			productType = "com.apple.product-type.application";
		};
		0E9020B52A0F855D008B99EA /* APITests */ = {
			isa = PBXNativeTarget;
			buildConfigurationList = 0E9020CD2A0F855D008B99EA /* Build configuration list for PBXNativeTarget "APITests" */;
			buildPhases = (
				0E9020B22A0F855D008B99EA /* Sources */,
				0E9020B32A0F855D008B99EA /* Frameworks */,
				0E9020B42A0F855D008B99EA /* Resources */,
			);
			buildRules = (
			);
			dependencies = (
				0E9020B82A0F855D008B99EA /* PBXTargetDependency */,
			);
			name = APITests;
			productName = APITests;
			productReference = 0E9020B62A0F855D008B99EA /* APITests.xctest */;
			productType = "com.apple.product-type.bundle.unit-test";
		};
		0E9020BF2A0F855D008B99EA /* APIUITests */ = {
			isa = PBXNativeTarget;
			buildConfigurationList = 0E9020D02A0F855D008B99EA /* Build configuration list for PBXNativeTarget "APIUITests" */;
			buildPhases = (
				0E9020BC2A0F855D008B99EA /* Sources */,
				0E9020BD2A0F855D008B99EA /* Frameworks */,
				0E9020BE2A0F855D008B99EA /* Resources */,
			);
			buildRules = (
			);
			dependencies = (
				0E9020C22A0F855D008B99EA /* PBXTargetDependency */,
			);
			name = APIUITests;
			productName = APIUITests;
			productReference = 0E9020C02A0F855D008B99EA /* APIUITests.xctest */;
			productType = "com.apple.product-type.bundle.ui-testing";
		};
/* End PBXNativeTarget section */

/* Begin PBXProject section */
		0E9020982A0F855B008B99EA /* Project object */ = {
			isa = PBXProject;
			attributes = {
				BuildIndependentTargetsInParallel = 1;
				LastSwiftUpdateCheck = 1430;
				LastUpgradeCheck = 1430;
				TargetAttributes = {
					0E90209F2A0F855B008B99EA = {
						CreatedOnToolsVersion = 14.3;
					};
					0E9020B52A0F855D008B99EA = {
						CreatedOnToolsVersion = 14.3;
						TestTargetID = 0E90209F2A0F855B008B99EA;
					};
					0E9020BF2A0F855D008B99EA = {
						CreatedOnToolsVersion = 14.3;
						TestTargetID = 0E90209F2A0F855B008B99EA;
					};
				};
			};
			buildConfigurationList = 0E90209B2A0F855B008B99EA /* Build configuration list for PBXProject "API" */;
			compatibilityVersion = "Xcode 14.0";
			developmentRegion = en;
			hasScannedForEncodings = 0;
			knownRegions = (
				en,
				Base,
			);
			mainGroup = 0E9020972A0F855B008B99EA;
			productRefGroup = 0E9020A12A0F855B008B99EA /* Products */;
			projectDirPath = "";
			projectRoot = "";
			targets = (
				0E90209F2A0F855B008B99EA /* API */,
				0E9020B52A0F855D008B99EA /* APITests */,
				0E9020BF2A0F855D008B99EA /* APIUITests */,
			);
		};
/* End PBXProject section */

/* Begin PBXResourcesBuildPhase section */
		0E90209E2A0F855B008B99EA /* Resources */ = {
			isa = PBXResourcesBuildPhase;
			buildActionMask = 2147483647;
			files = (
				0E9020B02A0F855D008B99EA /* LaunchScreen.storyboard in Resources */,
				0E9020AD2A0F855D008B99EA /* Assets.xcassets in Resources */,
				0E9020AB2A0F855B008B99EA /* Main.storyboard in Resources */,
			);
			runOnlyForDeploymentPostprocessing = 0;
		};
		0E9020B42A0F855D008B99EA /* Resources */ = {
			isa = PBXResourcesBuildPhase;
			buildActionMask = 2147483647;
			files = (
			);
			runOnlyForDeploymentPostprocessing = 0;
		};
		0E9020BE2A0F855D008B99EA /* Resources */ = {
			isa = PBXResourcesBuildPhase;
			buildActionMask = 2147483647;
			files = (
			);
			runOnlyForDeploymentPostprocessing = 0;
		};
/* End PBXResourcesBuildPhase section */

/* Begin PBXSourcesBuildPhase section */
		0E90209C2A0F855B008B99EA /* Sources */ = {
			isa = PBXSourcesBuildPhase;
			buildActionMask = 2147483647;
			files = (
				0E9020A82A0F855B008B99EA /* ViewController.swift in Sources */,
				0E9020A42A0F855B008B99EA /* AppDelegate.swift in Sources */,
				0E9020A62A0F855B008B99EA /* SceneDelegate.swift in Sources */,
			);
			runOnlyForDeploymentPostprocessing = 0;
		};
		0E9020B22A0F855D008B99EA /* Sources */ = {
			isa = PBXSourcesBuildPhase;
			buildActionMask = 2147483647;
			files = (
				0E9020BB2A0F855D008B99EA /* APITests.swift in Sources */,
			);
			runOnlyForDeploymentPostprocessing = 0;
		};
		0E9020BC2A0F855D008B99EA /* Sources */ = {
			isa = PBXSourcesBuildPhase;
			buildActionMask = 2147483647;
			files = (
				0E9020C52A0F855D008B99EA /* APIUITests.swift in Sources */,
				0E9020C72A0F855D008B99EA /* APIUITestsLaunchTests.swift in Sources */,
			);
			runOnlyForDeploymentPostprocessing = 0;
		};
/* End PBXSourcesBuildPhase section */

/* Begin PBXTargetDependency section */
		0E9020B82A0F855D008B99EA /* PBXTargetDependency */ = {
			isa = PBXTargetDependency;
			target = 0E90209F2A0F855B008B99EA /* API */;
			targetProxy = 0E9020B72A0F855D008B99EA /* PBXContainerItemProxy */;
		};
		0E9020C22A0F855D008B99EA /* PBXTargetDependency */ = {
			isa = PBXTargetDependency;
			target = 0E90209F2A0F855B008B99EA /* API */;
			targetProxy = 0E9020C12A0F855D008B99EA /* PBXContainerItemProxy */;
		};
/* End PBXTargetDependency section */

/* Begin PBXVariantGroup section */
		0E9020A92A0F855B008B99EA /* Main.storyboard */ = {
			isa = PBXVariantGroup;
			children = (
				0E9020AA2A0F855B008B99EA /* Base */,
			);
			name = Main.storyboard;
			sourceTree = "<group>";
		};
		0E9020AE2A0F855D008B99EA /* LaunchScreen.storyboard */ = {
			isa = PBXVariantGroup;
			children = (
				0E9020AF2A0F855D008B99EA /* Base */,
			);
			name = LaunchScreen.storyboard;
			sourceTree = "<group>";
		};
/* End PBXVariantGroup section */

/* Begin XCBuildConfiguration section */
		0E9020C82A0F855D008B99EA /* Debug */ = {
			isa = XCBuildConfiguration;
			buildSettings = {
				ALWAYS_SEARCH_USER_PATHS = NO;
				CLANG_ANALYZER_NONNULL = YES;
				CLANG_ANALYZER_NUMBER_OBJECT_CONVERSION = YES_AGGRESSIVE;
				CLANG_CXX_LANGUAGE_STANDARD = "gnu++20";
				CLANG_ENABLE_MODULES = YES;
				CLANG_ENABLE_OBJC_ARC = YES;
				CLANG_ENABLE_OBJC_WEAK = YES;
				CLANG_WARN_BLOCK_CAPTURE_AUTORELEASING = YES;
				CLANG_WARN_BOOL_CONVERSION = YES;
				CLANG_WARN_COMMA = YES;
				CLANG_WARN_CONSTANT_CONVERSION = YES;
				CLANG_WARN_DEPRECATED_OBJC_IMPLEMENTATIONS = YES;
				CLANG_WARN_DIRECT_OBJC_ISA_USAGE = YES_ERROR;
				CLANG_WARN_DOCUMENTATION_COMMENTS = YES;
				CLANG_WARN_EMPTY_BODY = YES;
				CLANG_WARN_ENUM_CONVERSION = YES;
				CLANG_WARN_INFINITE_RECURSION = YES;
				CLANG_WARN_INT_CONVERSION = YES;
				CLANG_WARN_NON_LITERAL_NULL_CONVERSION = YES;
				CLANG_WARN_OBJC_IMPLICIT_RETAIN_SELF = YES;
				CLANG_WARN_OBJC_LITERAL_CONVERSION = YES;
				CLANG_WARN_OBJC_ROOT_CLASS = YES_ERROR;
				CLANG_WARN_QUOTED_INCLUDE_IN_FRAMEWORK_HEADER = YES;
				CLANG_WARN_RANGE_LOOP_ANALYSIS = YES;
				CLANG_WARN_STRICT_PROTOTYPES = YES;
				CLANG_WARN_SUSPICIOUS_MOVE = YES;
				CLANG_WARN_UNGUARDED_AVAILABILITY = YES_AGGRESSIVE;
				CLANG_WARN_UNREACHABLE_CODE = YES;
				CLANG_WARN__DUPLICATE_METHOD_MATCH = YES;
				COPY_PHASE_STRIP = NO;
				DEBUG_INFORMATION_FORMAT = dwarf;
				ENABLE_STRICT_OBJC_MSGSEND = YES;
				ENABLE_TESTABILITY = YES;
				GCC_C_LANGUAGE_STANDARD = gnu11;
				GCC_DYNAMIC_NO_PIC = NO;
				GCC_NO_COMMON_BLOCKS = YES;
				GCC_OPTIMIZATION_LEVEL = 0;
				GCC_PREPROCESSOR_DEFINITIONS = (
					"DEBUG=1",
					"$(inherited)",
				);
				GCC_WARN_64_TO_32_BIT_CONVERSION = YES;
				GCC_WARN_ABOUT_RETURN_TYPE = YES_ERROR;
				GCC_WARN_UNDECLARED_SELECTOR = YES;
				GCC_WARN_UNINITIALIZED_AUTOS = YES_AGGRESSIVE;
				GCC_WARN_UNUSED_FUNCTION = YES;
				GCC_WARN_UNUSED_VARIABLE = YES;
				IPHONEOS_DEPLOYMENT_TARGET = 16.4;
				MTL_ENABLE_DEBUG_INFO = INCLUDE_SOURCE;
				MTL_FAST_MATH = YES;
				ONLY_ACTIVE_ARCH = YES;
				SDKROOT = iphoneos;
				SWIFT_ACTIVE_COMPILATION_CONDITIONS = DEBUG;
				SWIFT_OPTIMIZATION_LEVEL = "-Onone";
			};
			name = Debug;
		};
		0E9020C92A0F855D008B99EA /* Release */ = {
			isa = XCBuildConfiguration;
			buildSettings = {
				ALWAYS_SEARCH_USER_PATHS = NO;
				CLANG_ANALYZER_NONNULL = YES;
				CLANG_ANALYZER_NUMBER_OBJECT_CONVERSION = YES_AGGRESSIVE;
				CLANG_CXX_LANGUAGE_STANDARD = "gnu++20";
				CLANG_ENABLE_MODULES = YES;
				CLANG_ENABLE_OBJC_ARC = YES;
				CLANG_ENABLE_OBJC_WEAK = YES;
				CLANG_WARN_BLOCK_CAPTURE_AUTORELEASING = YES;
				CLANG_WARN_BOOL_CONVERSION = YES;
				CLANG_WARN_COMMA = YES;
				CLANG_WARN_CONSTANT_CONVERSION = YES;
				CLANG_WARN_DEPRECATED_OBJC_IMPLEMENTATIONS = YES;
				CLANG_WARN_DIRECT_OBJC_ISA_USAGE = YES_ERROR;
				CLANG_WARN_DOCUMENTATION_COMMENTS = YES;
				CLANG_WARN_EMPTY_BODY = YES;
				CLANG_WARN_ENUM_CONVERSION = YES;
				CLANG_WARN_INFINITE_RECURSION = YES;
				CLANG_WARN_INT_CONVERSION = YES;
				CLANG_WARN_NON_LITERAL_NULL_CONVERSION = YES;
				CLANG_WARN_OBJC_IMPLICIT_RETAIN_SELF = YES;
				CLANG_WARN_OBJC_LITERAL_CONVERSION = YES;
				CLANG_WARN_OBJC_ROOT_CLASS = YES_ERROR;
				CLANG_WARN_QUOTED_INCLUDE_IN_FRAMEWORK_HEADER = YES;
				CLANG_WARN_RANGE_LOOP_ANALYSIS = YES;
				CLANG_WARN_STRICT_PROTOTYPES = YES;
				CLANG_WARN_SUSPICIOUS_MOVE = YES;
				CLANG_WARN_UNGUARDED_AVAILABILITY = YES_AGGRESSIVE;
				CLANG_WARN_UNREACHABLE_CODE = YES;
				CLANG_WARN__DUPLICATE_METHOD_MATCH = YES;
				COPY_PHASE_STRIP = NO;
				DEBUG_INFORMATION_FORMAT = "dwarf-with-dsym";
				ENABLE_NS_ASSERTIONS = NO;
				ENABLE_STRICT_OBJC_MSGSEND = YES;
				GCC_C_LANGUAGE_STANDARD = gnu11;
				GCC_NO_COMMON_BLOCKS = YES;
				GCC_WARN_64_TO_32_BIT_CONVERSION = YES;
				GCC_WARN_ABOUT_RETURN_TYPE = YES_ERROR;
				GCC_WARN_UNDECLARED_SELECTOR = YES;
				GCC_WARN_UNINITIALIZED_AUTOS = YES_AGGRESSIVE;
				GCC_WARN_UNUSED_FUNCTION = YES;
				GCC_WARN_UNUSED_VARIABLE = YES;
				IPHONEOS_DEPLOYMENT_TARGET = 16.4;
				MTL_ENABLE_DEBUG_INFO = NO;
				MTL_FAST_MATH = YES;
				SDKROOT = iphoneos;
				SWIFT_COMPILATION_MODE = wholemodule;
				SWIFT_OPTIMIZATION_LEVEL = "-O";
				VALIDATE_PRODUCT = YES;
			};
			name = Release;
		};
		0E9020CB2A0F855D008B99EA /* Debug */ = {
			isa = XCBuildConfiguration;
			buildSettings = {
				ASSETCATALOG_COMPILER_APPICON_NAME = AppIcon;
				ASSETCATALOG_COMPILER_GLOBAL_ACCENT_COLOR_NAME = AccentColor;
				CODE_SIGN_STYLE = Automatic;
				CURRENT_PROJECT_VERSION = 1;
				DEVELOPMENT_TEAM = P82L6D3NV5;
				GENERATE_INFOPLIST_FILE = YES;
				INFOPLIST_FILE = API/Info.plist;
				INFOPLIST_KEY_UIApplicationSupportsIndirectInputEvents = YES;
				INFOPLIST_KEY_UILaunchStoryboardName = LaunchScreen;
				INFOPLIST_KEY_UIMainStoryboardFile = Main;
				INFOPLIST_KEY_UISupportedInterfaceOrientations_iPad = "UIInterfaceOrientationPortrait UIInterfaceOrientationPortraitUpsideDown UIInterfaceOrientationLandscapeLeft UIInterfaceOrientationLandscapeRight";
				INFOPLIST_KEY_UISupportedInterfaceOrientations_iPhone = "UIInterfaceOrientationPortrait UIInterfaceOrientationLandscapeLeft UIInterfaceOrientationLandscapeRight";
				LD_RUNPATH_SEARCH_PATHS = (
					"$(inherited)",
					"@executable_path/Frameworks",
				);
				MARKETING_VERSION = 1.0;
				PRODUCT_BUNDLE_IDENTIFIER = "tuan2k2mt-gmail.com.API";
				PRODUCT_NAME = "$(TARGET_NAME)";
				SWIFT_EMIT_LOC_STRINGS = YES;
				SWIFT_VERSION = 5.0;
				TARGETED_DEVICE_FAMILY = "1,2";
			};
			name = Debug;
		};
		0E9020CC2A0F855D008B99EA /* Release */ = {
			isa = XCBuildConfiguration;
			buildSettings = {
				ASSETCATALOG_COMPILER_APPICON_NAME = AppIcon;
				ASSETCATALOG_COMPILER_GLOBAL_ACCENT_COLOR_NAME = AccentColor;
				CODE_SIGN_STYLE = Automatic;
				CURRENT_PROJECT_VERSION = 1;
				DEVELOPMENT_TEAM = P82L6D3NV5;
				GENERATE_INFOPLIST_FILE = YES;
				INFOPLIST_FILE = API/Info.plist;
				INFOPLIST_KEY_UIApplicationSupportsIndirectInputEvents = YES;
				INFOPLIST_KEY_UILaunchStoryboardName = LaunchScreen;
				INFOPLIST_KEY_UIMainStoryboardFile = Main;
				INFOPLIST_KEY_UISupportedInterfaceOrientations_iPad = "UIInterfaceOrientationPortrait UIInterfaceOrientationPortraitUpsideDown UIInterfaceOrientationLandscapeLeft UIInterfaceOrientationLandscapeRight";
				INFOPLIST_KEY_UISupportedInterfaceOrientations_iPhone = "UIInterfaceOrientationPortrait UIInterfaceOrientationLandscapeLeft UIInterfaceOrientationLandscapeRight";
				LD_RUNPATH_SEARCH_PATHS = (
					"$(inherited)",
					"@executable_path/Frameworks",
				);
				MARKETING_VERSION = 1.0;
				PRODUCT_BUNDLE_IDENTIFIER = "tuan2k2mt-gmail.com.API";
				PRODUCT_NAME = "$(TARGET_NAME)";
				SWIFT_EMIT_LOC_STRINGS = YES;
				SWIFT_VERSION = 5.0;
				TARGETED_DEVICE_FAMILY = "1,2";
			};
			name = Release;
		};
		0E9020CE2A0F855D008B99EA /* Debug */ = {
			isa = XCBuildConfiguration;
			buildSettings = {
				ALWAYS_EMBED_SWIFT_STANDARD_LIBRARIES = YES;
				BUNDLE_LOADER = "$(TEST_HOST)";
				CODE_SIGN_STYLE = Automatic;
				CURRENT_PROJECT_VERSION = 1;
				DEVELOPMENT_TEAM = P82L6D3NV5;
				GENERATE_INFOPLIST_FILE = YES;
				IPHONEOS_DEPLOYMENT_TARGET = 16.4;
				MARKETING_VERSION = 1.0;
				PRODUCT_BUNDLE_IDENTIFIER = "tuan2k2mt-gmail.com.APITests";
				PRODUCT_NAME = "$(TARGET_NAME)";
				SWIFT_EMIT_LOC_STRINGS = NO;
				SWIFT_VERSION = 5.0;
				TARGETED_DEVICE_FAMILY = "1,2";
				TEST_HOST = "$(BUILT_PRODUCTS_DIR)/API.app/$(BUNDLE_EXECUTABLE_FOLDER_PATH)/API";
			};
			name = Debug;
		};
		0E9020CF2A0F855D008B99EA /* Release */ = {
			isa = XCBuildConfiguration;
			buildSettings = {
				ALWAYS_EMBED_SWIFT_STANDARD_LIBRARIES = YES;
				BUNDLE_LOADER = "$(TEST_HOST)";
				CODE_SIGN_STYLE = Automatic;
				CURRENT_PROJECT_VERSION = 1;
				DEVELOPMENT_TEAM = P82L6D3NV5;
				GENERATE_INFOPLIST_FILE = YES;
				IPHONEOS_DEPLOYMENT_TARGET = 16.4;
				MARKETING_VERSION = 1.0;
				PRODUCT_BUNDLE_IDENTIFIER = "tuan2k2mt-gmail.com.APITests";
				PRODUCT_NAME = "$(TARGET_NAME)";
				SWIFT_EMIT_LOC_STRINGS = NO;
				SWIFT_VERSION = 5.0;
				TARGETED_DEVICE_FAMILY = "1,2";
				TEST_HOST = "$(BUILT_PRODUCTS_DIR)/API.app/$(BUNDLE_EXECUTABLE_FOLDER_PATH)/API";
			};
			name = Release;
		};
		0E9020D12A0F855D008B99EA /* Debug */ = {
			isa = XCBuildConfiguration;
			buildSettings = {
				ALWAYS_EMBED_SWIFT_STANDARD_LIBRARIES = YES;
				CODE_SIGN_STYLE = Automatic;
				CURRENT_PROJECT_VERSION = 1;
				DEVELOPMENT_TEAM = P82L6D3NV5;
				GENERATE_INFOPLIST_FILE = YES;
				MARKETING_VERSION = 1.0;
				PRODUCT_BUNDLE_IDENTIFIER = "tuan2k2mt-gmail.com.APIUITests";
				PRODUCT_NAME = "$(TARGET_NAME)";
				SWIFT_EMIT_LOC_STRINGS = NO;
				SWIFT_VERSION = 5.0;
				TARGETED_DEVICE_FAMILY = "1,2";
				TEST_TARGET_NAME = API;
			};
			name = Debug;
		};
		0E9020D22A0F855D008B99EA /* Release */ = {
			isa = XCBuildConfiguration;
			buildSettings = {
				ALWAYS_EMBED_SWIFT_STANDARD_LIBRARIES = YES;
				CODE_SIGN_STYLE = Automatic;
				CURRENT_PROJECT_VERSION = 1;
				DEVELOPMENT_TEAM = P82L6D3NV5;
				GENERATE_INFOPLIST_FILE = YES;
				MARKETING_VERSION = 1.0;
				PRODUCT_BUNDLE_IDENTIFIER = "tuan2k2mt-gmail.com.APIUITests";
				PRODUCT_NAME = "$(TARGET_NAME)";
				SWIFT_EMIT_LOC_STRINGS = NO;
				SWIFT_VERSION = 5.0;
				TARGETED_DEVICE_FAMILY = "1,2";
				TEST_TARGET_NAME = API;
			};
			name = Release;
		};
/* End XCBuildConfiguration section */

/* Begin XCConfigurationList section */
		0E90209B2A0F855B008B99EA /* Build configuration list for PBXProject "API" */ = {
			isa = XCConfigurationList;
			buildConfigurations = (
				0E9020C82A0F855D008B99EA /* Debug */,
				0E9020C92A0F855D008B99EA /* Release */,
			);
			defaultConfigurationIsVisible = 0;
			defaultConfigurationName = Release;
		};
		0E9020CA2A0F855D008B99EA /* Build configuration list for PBXNativeTarget "API" */ = {
			isa = XCConfigurationList;
			buildConfigurations = (
				0E9020CB2A0F855D008B99EA /* Debug */,
				0E9020CC2A0F855D008B99EA /* Release */,
			);
			defaultConfigurationIsVisible = 0;
			defaultConfigurationName = Release;
		};
		0E9020CD2A0F855D008B99EA /* Build configuration list for PBXNativeTarget "APITests" */ = {
			isa = XCConfigurationList;
			buildConfigurations = (
				0E9020CE2A0F855D008B99EA /* Debug */,
				0E9020CF2A0F855D008B99EA /* Release */,
			);
			defaultConfigurationIsVisible = 0;
			defaultConfigurationName = Release;
		};
		0E9020D02A0F855D008B99EA /* Build configuration list for PBXNativeTarget "APIUITests" */ = {
			isa = XCConfigurationList;
			buildConfigurations = (
				0E9020D12A0F855D008B99EA /* Debug */,
				0E9020D22A0F855D008B99EA /* Release */,
			);
			defaultConfigurationIsVisible = 0;
			defaultConfigurationName = Release;
		};
/* End XCConfigurationList section */
	};
	rootObject = 0E9020982A0F855B008B99EA /* Project object */;
}
